Microsoft Visual Studio Solution File, Format Version 12.00
# Visual Studio Version 16
VisualStudioVersion = 16.0.0.0
MinimumVisualStudioVersion = 16.0.0.0
Project("{9A19103F-16F7-4668-BE54-9A1E7A4F7556}") = "Mac.Digital", "src\Mac.Digital\Mac.Digital.csproj", "{9D194961-B528-48ED-8417-FDCEE23858A6}"
EndProject
Project("{FAE04EC0-301F-11D3-BF4B-00C04F79EFBC}") = "Mac.Digital.iOS", "src\Mac.Digital.iOS\Mac.Digital.iOS.csproj", "{AF7683F0-168B-418D-BA19-9599B0D79283}"
EndProject
Project("{9A19103F-16F7-4668-BE54-9A1E7A4F7556}") = "Mac.Digital.Windows", "src\Mac.Digital.Windows\Mac.Digital.Windows.csproj", "{ED502F4F-5B5F-48B8-8764-69BB79769108}"
EndProject
Project("{FAE04EC0-301F-11D3-BF4B-00C04F79EFBC}") = "Mac.Digital.macOS", "src\Mac.Digital.macOS\Mac.Digital.macOS.csproj", "{9EA8E173-6EF7-4652-9053-ED0358CD61CB}"
EndProject
Project("{2150E333-8FDC-42A3-9474-1A3956D46DE8}") = "src", "src", "{19196C75-542D-48D7-8A84-834B5AE73590}"
EndProject
Project("{FAE04EC0-301F-11D3-BF4B-00C04F79EFBC}") = "Mac.Digital.Android", "src\Mac.Digital.Android\Mac.Digital.Android.csproj", "{BAEDE23F-E49E-4792-9D99-DCB79EAA60B4}"
EndProject
Project("{2150E333-8FDC-42A3-9474-1A3956D46DE8}") = "Solution Items", "Solution Items", "{B5724985-7349-4871-952A-D53C30D0386A}"
	ProjectSection(SolutionItems) = preProject
		.gitattributes = .gitattributes
		.gitignore = .gitignore
		Directory.Build.props = Directory.Build.props
		License.txt = License.txt
	EndProjectSection
EndProject
Project("{2150E333-8FDC-42A3-9474-1A3956D46DE8}") = "test", "test", "{E0EC7CAB-CB07-4CF2-AC70-8EAD4617F070}"
EndProject
Project("{9A19103F-16F7-4668-BE54-9A1E7A4F7556}") = "Mac.Digital.Tests", "test\Mac.Digital.Tests\Mac.Digital.Tests.csproj", "{ED83887A-A826-4A92-B90F-CFBF36411E4B}"
EndProject
Global
	GlobalSection(SolutionConfigurationPlatforms) = preSolution
		Debug|Any CPU = Debug|Any CPU
		Debug|iPhone = Debug|iPhone
		Debug|iPhoneSimulator = Debug|iPhoneSimulator
		Debug|x64 = Debug|x64
		Debug|x86 = Debug|x86
		Release|Any CPU = Release|Any CPU
		Release|iPhone = Release|iPhone
		Release|iPhoneSimulator = Release|iPhoneSimulator
		Release|x64 = Release|x64
		Release|x86 = Release|x86
	EndGlobalSection
	GlobalSection(ProjectConfigurationPlatforms) = postSolution
		{9D194961-B528-48ED-8417-FDCEE23858A6}.Debug|Any CPU.ActiveCfg = Debug|Any CPU
		{9D194961-B528-48ED-8417-FDCEE23858A6}.Debug|Any CPU.Build.0 = Debug|Any CPU
		{9D194961-B528-48ED-8417-FDCEE23858A6}.Debug|iPhone.ActiveCfg = Debug|Any CPU
		{9D194961-B528-48ED-8417-FDCEE23858A6}.Debug|iPhone.Build.0 = Debug|Any CPU
		{9D194961-B528-48ED-8417-FDCEE23858A6}.Debug|iPhoneSimulator.ActiveCfg = Debug|Any CPU
		{9D194961-B528-48ED-8417-FDCEE23858A6}.Debug|iPhoneSimulator.Build.0 = Debug|Any CPU
		{9D194961-B528-48ED-8417-FDCEE23858A6}.Debug|x64.ActiveCfg = Debug|Any CPU
		{9D194961-B528-48ED-8417-FDCEE23858A6}.Debug|x64.Build.0 = Debug|Any CPU
		{9D194961-B528-48ED-8417-FDCEE23858A6}.Debug|x86.ActiveCfg = Debug|Any CPU
		{9D194961-B528-48ED-8417-FDCEE23858A6}.Debug|x86.Build.0 = Debug|Any CPU
		{9D194961-B528-48ED-8417-FDCEE23858A6}.Release|Any CPU.ActiveCfg = Release|Any CPU
		{9D194961-B528-48ED-8417-FDCEE23858A6}.Release|Any CPU.Build.0 = Release|Any CPU
		{9D194961-B528-48ED-8417-FDCEE23858A6}.Release|iPhone.ActiveCfg = Release|Any CPU
		{9D194961-B528-48ED-8417-FDCEE23858A6}.Release|iPhone.Build.0 = Release|Any CPU
		{9D194961-B528-48ED-8417-FDCEE23858A6}.Release|iPhoneSimulator.ActiveCfg = Release|Any CPU
		{9D194961-B528-48ED-8417-FDCEE23858A6}.Release|iPhoneSimulator.Build.0 = Release|Any CPU
		{9D194961-B528-48ED-8417-FDCEE23858A6}.Release|x64.ActiveCfg = Release|Any CPU
		{9D194961-B528-48ED-8417-FDCEE23858A6}.Release|x64.Build.0 = Release|Any CPU
		{9D194961-B528-48ED-8417-FDCEE23858A6}.Release|x86.ActiveCfg = Release|Any CPU
		{9D194961-B528-48ED-8417-FDCEE23858A6}.Release|x86.Build.0 = Release|Any CPU
		{AF7683F0-168B-418D-BA19-9599B0D79283}.Debug|Any CPU.ActiveCfg = Debug|iPhone
		{AF7683F0-168B-418D-BA19-9599B0D79283}.Debug|iPhone.ActiveCfg = Debug|iPhone
		{AF7683F0-168B-418D-BA19-9599B0D79283}.Debug|iPhone.Build.0 = Debug|iPhone
		{AF7683F0-168B-418D-BA19-9599B0D79283}.Debug|iPhoneSimulator.ActiveCfg = Debug|iPhoneSimulator
		{AF7683F0-168B-418D-BA19-9599B0D79283}.Debug|iPhoneSimulator.Build.0 = Debug|iPhoneSimulator
		{AF7683F0-168B-418D-BA19-9599B0D79283}.Debug|x64.ActiveCfg = Debug|iPhone
		{AF7683F0-168B-418D-BA19-9599B0D79283}.Debug|x86.ActiveCfg = Debug|iPhone
		{AF7683F0-168B-418D-BA19-9599B0D79283}.Release|Any CPU.ActiveCfg = Release|iPhone
		{AF7683F0-168B-418D-BA19-9599B0D79283}.Release|iPhone.ActiveCfg = Release|iPhone
		{AF7683F0-168B-418D-BA19-9599B0D79283}.Release|iPhone.Build.0 = Release|iPhone
		{AF7683F0-168B-418D-BA19-9599B0D79283}.Release|iPhoneSimulator.ActiveCfg = Release|iPhoneSimulator
		{AF7683F0-168B-418D-BA19-9599B0D79283}.Release|iPhoneSimulator.Build.0 = Release|iPhoneSimulator
		{AF7683F0-168B-418D-BA19-9599B0D79283}.Release|x64.ActiveCfg = Release|iPhone
		{AF7683F0-168B-418D-BA19-9599B0D79283}.Release|x86.ActiveCfg = Release|iPhone
		{ED502F4F-5B5F-48B8-8764-69BB79769108}.Debug|Any CPU.ActiveCfg = Debug|Any CPU
		{ED502F4F-5B5F-48B8-8764-69BB79769108}.Debug|Any CPU.Build.0 = Debug|Any CPU
		{ED502F4F-5B5F-48B8-8764-69BB79769108}.Debug|iPhone.ActiveCfg = Debug|Any CPU
		{ED502F4F-5B5F-48B8-8764-69BB79769108}.Debug|iPhone.Build.0 = Debug|Any CPU
		{ED502F4F-5B5F-48B8-8764-69BB79769108}.Debug|iPhoneSimulator.ActiveCfg = Debug|Any CPU
		{ED502F4F-5B5F-48B8-8764-69BB79769108}.Debug|iPhoneSimulator.Build.0 = Debug|Any CPU
		{ED502F4F-5B5F-48B8-8764-69BB79769108}.Debug|x64.ActiveCfg = Debug|Any CPU
		{ED502F4F-5B5F-48B8-8764-69BB79769108}.Debug|x64.Build.0 = Debug|Any CPU
		{ED502F4F-5B5F-48B8-8764-69BB79769108}.Debug|x86.ActiveCfg = Debug|Any CPU
		{ED502F4F-5B5F-48B8-8764-69BB79769108}.Debug|x86.Build.0 = Debug|Any CPU
		{ED502F4F-5B5F-48B8-8764-69BB79769108}.Release|Any CPU.ActiveCfg = Release|Any CPU
		{ED502F4F-5B5F-48B8-8764-69BB79769108}.Release|Any CPU.Build.0 = Release|Any CPU
		{ED502F4F-5B5F-48B8-8764-69BB79769108}.Release|iPhone.ActiveCfg = Release|Any CPU
		{ED502F4F-5B5F-48B8-8764-69BB79769108}.Release|iPhone.Build.0 = Release|Any CPU
		{ED502F4F-5B5F-48B8-8764-69BB79769108}.Release|iPhoneSimulator.ActiveCfg = Release|Any CPU
		{ED502F4F-5B5F-48B8-8764-69BB79769108}.Release|iPhoneSimulator.Build.0 = Release|Any CPU
		{ED502F4F-5B5F-48B8-8764-69BB79769108}.Release|x64.ActiveCfg = Release|Any CPU
		{ED502F4F-5B5F-48B8-8764-69BB79769108}.Release|x64.Build.0 = Release|Any CPU
		{ED502F4F-5B5F-48B8-8764-69BB79769108}.Release|x86.ActiveCfg = Release|Any CPU
		{ED502F4F-5B5F-48B8-8764-69BB79769108}.Release|x86.Build.0 = Release|Any CPU
		{9EA8E173-6EF7-4652-9053-ED0358CD61CB}.Debug|Any CPU.ActiveCfg = Debug|Any CPU
		{9EA8E173-6EF7-4652-9053-ED0358CD61CB}.Debug|iPhone.ActiveCfg = Debug|Any CPU
		{9EA8E173-6EF7-4652-9053-ED0358CD61CB}.Debug|iPhoneSimulator.ActiveCfg = Debug|Any CPU
		{9EA8E173-6EF7-4652-9053-ED0358CD61CB}.Debug|x64.ActiveCfg = Debug|Any CPU
		{9EA8E173-6EF7-4652-9053-ED0358CD61CB}.Debug|x64.Build.0 = Debug|Any CPU
		{9EA8E173-6EF7-4652-9053-ED0358CD61CB}.Debug|x86.ActiveCfg = Debug|Any CPU
		{9EA8E173-6EF7-4652-9053-ED0358CD61CB}.Debug|x86.Build.0 = Debug|Any CPU
		{9EA8E173-6EF7-4652-9053-ED0358CD61CB}.Release|Any CPU.ActiveCfg = Release|Any CPU
		{9EA8E173-6EF7-4652-9053-ED0358CD61CB}.Release|Any CPU.Build.0 = Release|Any CPU
		{9EA8E173-6EF7-4652-9053-ED0358CD61CB}.Release|iPhone.ActiveCfg = Release|Any CPU
		{9EA8E173-6EF7-4652-9053-ED0358CD61CB}.Release|iPhone.Build.0 = Release|Any CPU
		{9EA8E173-6EF7-4652-9053-ED0358CD61CB}.Release|iPhoneSimulator.ActiveCfg = Release|Any CPU
		{9EA8E173-6EF7-4652-9053-ED0358CD61CB}.Release|iPhoneSimulator.Build.0 = Release|Any CPU
		{9EA8E173-6EF7-4652-9053-ED0358CD61CB}.Release|x64.ActiveCfg = Release|Any CPU
		{9EA8E173-6EF7-4652-9053-ED0358CD61CB}.Release|x64.Build.0 = Release|Any CPU
		{9EA8E173-6EF7-4652-9053-ED0358CD61CB}.Release|x86.ActiveCfg = Release|Any CPU
		{9EA8E173-6EF7-4652-9053-ED0358CD61CB}.Release|x86.Build.0 = Release|Any CPU
		{BAEDE23F-E49E-4792-9D99-DCB79EAA60B4}.Debug|Any CPU.ActiveCfg = Debug|Any CPU
		{BAEDE23F-E49E-4792-9D99-DCB79EAA60B4}.Debug|Any CPU.Build.0 = Debug|Any CPU
		{BAEDE23F-E49E-4792-9D99-DCB79EAA60B4}.Debug|Any CPU.Deploy.0 = Debug|Any CPU
		{BAEDE23F-E49E-4792-9D99-DCB79EAA60B4}.Debug|iPhone.ActiveCfg = Debug|Any CPU
		{BAEDE23F-E49E-4792-9D99-DCB79EAA60B4}.Debug|iPhone.Build.0 = Debug|Any CPU
		{BAEDE23F-E49E-4792-9D99-DCB79EAA60B4}.Debug|iPhone.Deploy.0 = Debug|Any CPU
		{BAEDE23F-E49E-4792-9D99-DCB79EAA60B4}.Debug|iPhoneSimulator.ActiveCfg = Debug|Any CPU
		{BAEDE23F-E49E-4792-9D99-DCB79EAA60B4}.Debug|iPhoneSimulator.Build.0 = Debug|Any CPU
		{BAEDE23F-E49E-4792-9D99-DCB79EAA60B4}.Debug|iPhoneSimulator.Deploy.0 = Debug|Any CPU
		{BAEDE23F-E49E-4792-9D99-DCB79EAA60B4}.Debug|x64.ActiveCfg = Debug|Any CPU
		{BAEDE23F-E49E-4792-9D99-DCB79EAA60B4}.Debug|x64.Build.0 = Debug|Any CPU
		{BAEDE23F-E49E-4792-9D99-DCB79EAA60B4}.Debug|x64.Deploy.0 = Debug|Any CPU
		{BAEDE23F-E49E-4792-9D99-DCB79EAA60B4}.Debug|x86.ActiveCfg = Debug|Any CPU
		{BAEDE23F-E49E-4792-9D99-DCB79EAA60B4}.Debug|x86.Build.0 = Debug|Any CPU
		{BAEDE23F-E49E-4792-9D99-DCB79EAA60B4}.Debug|x86.Deploy.0 = Debug|Any CPU
		{BAEDE23F-E49E-4792-9D99-DCB79EAA60B4}.Release|Any CPU.ActiveCfg = Release|Any CPU
		{BAEDE23F-E49E-4792-9D99-DCB79EAA60B4}.Release|Any CPU.Build.0 = Release|Any CPU
		{BAEDE23F-E49E-4792-9D99-DCB79EAA60B4}.Release|Any CPU.Deploy.0 = Release|Any CPU
		{BAEDE23F-E49E-4792-9D99-DCB79EAA60B4}.Release|iPhone.ActiveCfg = Release|Any CPU
		{BAEDE23F-E49E-4792-9D99-DCB79EAA60B4}.Release|iPhone.Build.0 = Release|Any CPU
		{BAEDE23F-E49E-4792-9D99-DCB79EAA60B4}.Release|iPhone.Deploy.0 = Release|Any CPU
		{BAEDE23F-E49E-4792-9D99-DCB79EAA60B4}.Release|iPhoneSimulator.ActiveCfg = Release|Any CPU
		{BAEDE23F-E49E-4792-9D99-DCB79EAA60B4}.Release|iPhoneSimulator.Build.0 = Release|Any CPU
		{BAEDE23F-E49E-4792-9D99-DCB79EAA60B4}.Release|iPhoneSimulator.Deploy.0 = Release|Any CPU
		{BAEDE23F-E49E-4792-9D99-DCB79EAA60B4}.Release|x64.ActiveCfg = Release|Any CPU
		{BAEDE23F-E49E-4792-9D99-DCB79EAA60B4}.Release|x64.Build.0 = Release|Any CPU
		{BAEDE23F-E49E-4792-9D99-DCB79EAA60B4}.Release|x64.Deploy.0 = Release|Any CPU
		{BAEDE23F-E49E-4792-9D99-DCB79EAA60B4}.Release|x86.ActiveCfg = Release|Any CPU
		{BAEDE23F-E49E-4792-9D99-DCB79EAA60B4}.Release|x86.Build.0 = Release|Any CPU
		{BAEDE23F-E49E-4792-9D99-DCB79EAA60B4}.Release|x86.Deploy.0 = Release|Any CPU
		{ED83887A-A826-4A92-B90F-CFBF36411E4B}.Debug|Any CPU.ActiveCfg = Debug|Any CPU
		{ED83887A-A826-4A92-B90F-CFBF36411E4B}.Debug|Any CPU.Build.0 = Debug|Any CPU
		{ED83887A-A826-4A92-B90F-CFBF36411E4B}.Debug|iPhone.ActiveCfg = Debug|Any CPU
		{ED83887A-A826-4A92-B90F-CFBF36411E4B}.Debug|iPhone.Build.0 = Debug|Any CPU
		{ED83887A-A826-4A92-B90F-CFBF36411E4B}.Debug|iPhoneSimulator.ActiveCfg = Debug|Any CPU
		{ED83887A-A826-4A92-B90F-CFBF36411E4B}.Debug|iPhoneSimulator.Build.0 = Debug|Any CPU
		{ED83887A-A826-4A92-B90F-CFBF36411E4B}.Debug|x64.ActiveCfg = Debug|Any CPU
		{ED83887A-A826-4A92-B90F-CFBF36411E4B}.Debug|x64.Build.0 = Debug|Any CPU
		{ED83887A-A826-4A92-B90F-CFBF36411E4B}.Debug|x86.ActiveCfg = Debug|Any CPU
		{ED83887A-A826-4A92-B90F-CFBF36411E4B}.Debug|x86.Build.0 = Debug|Any CPU
		{ED83887A-A826-4A92-B90F-CFBF36411E4B}.Release|Any CPU.ActiveCfg = Release|Any CPU
		{ED83887A-A826-4A92-B90F-CFBF36411E4B}.Release|Any CPU.Build.0 = Release|Any CPU
		{ED83887A-A826-4A92-B90F-CFBF36411E4B}.Release|iPhone.ActiveCfg = Release|Any CPU
		{ED83887A-A826-4A92-B90F-CFBF36411E4B}.Release|iPhone.Build.0 = Release|Any CPU
		{ED83887A-A826-4A92-B90F-CFBF36411E4B}.Release|iPhoneSimulator.ActiveCfg = Release|Any CPU
		{ED83887A-A826-4A92-B90F-CFBF36411E4B}.Release|iPhoneSimulator.Build.0 = Release|Any CPU
		{ED83887A-A826-4A92-B90F-CFBF36411E4B}.Release|x64.ActiveCfg = Release|Any CPU
		{ED83887A-A826-4A92-B90F-CFBF36411E4B}.Release|x64.Build.0 = Release|Any CPU
		{ED83887A-A826-4A92-B90F-CFBF36411E4B}.Release|x86.ActiveCfg = Release|Any CPU
		{ED83887A-A826-4A92-B90F-CFBF36411E4B}.Release|x86.Build.0 = Release|Any CPU
	EndGlobalSection
	GlobalSection(SolutionProperties) = preSolution
		HideSolutionNode = FALSE
	EndGlobalSection
	GlobalSection(NestedProjects) = preSolution
		{9D194961-B528-48ED-8417-FDCEE23858A6} = {19196C75-542D-48D7-8A84-834B5AE73590}
		{AF7683F0-168B-418D-BA19-9599B0D79283} = {19196C75-542D-48D7-8A84-834B5AE73590}
		{ED502F4F-5B5F-48B8-8764-69BB79769108} = {19196C75-542D-48D7-8A84-834B5AE73590}
		{9EA8E173-6EF7-4652-9053-ED0358CD61CB} = {19196C75-542D-48D7-8A84-834B5AE73590}
		{BAEDE23F-E49E-4792-9D99-DCB79EAA60B4} = {19196C75-542D-48D7-8A84-834B5AE73590}
		{ED83887A-A826-4A92-B90F-CFBF36411E4B} = {E0EC7CAB-CB07-4CF2-AC70-8EAD4617F070}
	EndGlobalSection
	GlobalSection(ExtensibilityGlobals) = postSolution
		SolutionGuid = {29ACE10C-9941-4E45-8CF9-714816DCA54B}
	EndGlobalSection
EndGlobal
